// !$*UTF8*$!
{
	archiveVersion = 1;
	classes = {
	};
	objectVersion = 50;
	objects = {

/* Begin PBXBuildFile section */
		A81FA59C26783C680025F8F6 /* AppDelegate.swift in Sources */ = {isa = PBXBuildFile; fileRef = A81FA59B26783C680025F8F6 /* AppDelegate.swift */; };
		A81FA59E26783C680025F8F6 /* SceneDelegate.swift in Sources */ = {isa = PBXBuildFile; fileRef = A81FA59D26783C680025F8F6 /* SceneDelegate.swift */; };
		A81FA5A026783C680025F8F6 /* GalleryViewController.swift in Sources */ = {isa = PBXBuildFile; fileRef = A81FA59F26783C680025F8F6 /* GalleryViewController.swift */; };
		A81FA5A526783C6B0025F8F6 /* Assets.xcassets in Resources */ = {isa = PBXBuildFile; fileRef = A81FA5A426783C6B0025F8F6 /* Assets.xcassets */; };
		A87CF2A42678600F00CA51E9 /* GalleryView.swift in Sources */ = {isa = PBXBuildFile; fileRef = A87CF2A32678600F00CA51E9 /* GalleryView.swift */; };
		A87CF2A6267860C600CA51E9 /* Constants.swift in Sources */ = {isa = PBXBuildFile; fileRef = A87CF2A5267860C600CA51E9 /* Constants.swift */; };
		A87CF2A92678653800CA51E9 /* GalleryPresenter.swift in Sources */ = {isa = PBXBuildFile; fileRef = A87CF2A82678653800CA51E9 /* GalleryPresenter.swift */; };
		A87CF2AC2678656700CA51E9 /* FetchService.swift in Sources */ = {isa = PBXBuildFile; fileRef = A87CF2AB2678656700CA51E9 /* FetchService.swift */; };
		A87CF2AE267865A100CA51E9 /* Gallery.swift in Sources */ = {isa = PBXBuildFile; fileRef = A87CF2AD267865A100CA51E9 /* Gallery.swift */; };
		A87CF2B0267869E900CA51E9 /* Endpoints.swift in Sources */ = {isa = PBXBuildFile; fileRef = A87CF2AF267869E900CA51E9 /* Endpoints.swift */; };
		A8887ADD2678F8A90008AA5A /* CollectionViewDataSource.swift in Sources */ = {isa = PBXBuildFile; fileRef = A8887ADC2678F8A90008AA5A /* CollectionViewDataSource.swift */; };
		A8887ADF2678F92C0008AA5A /* GalleryCell.swift in Sources */ = {isa = PBXBuildFile; fileRef = A8887ADE2678F92C0008AA5A /* GalleryCell.swift */; };
		A8887AE2267925240008AA5A /* FetchError.swift in Sources */ = {isa = PBXBuildFile; fileRef = A8887AE1267925240008AA5A /* FetchError.swift */; };
		A8887AE426793E820008AA5A /* ImageCache.swift in Sources */ = {isa = PBXBuildFile; fileRef = A8887AE326793E820008AA5A /* ImageCache.swift */; };
		A8887AE626793F4F0008AA5A /* ImageGateway.swift in Sources */ = {isa = PBXBuildFile; fileRef = A8887AE526793F4F0008AA5A /* ImageGateway.swift */; };
		A8887AEA267972680008AA5A /* SuspendableTask.swift in Sources */ = {isa = PBXBuildFile; fileRef = A8887AE9267972680008AA5A /* SuspendableTask.swift */; };
		A8887AEC267989C60008AA5A /* PageCounter.swift in Sources */ = {isa = PBXBuildFile; fileRef = A8887AEB267989C60008AA5A /* PageCounter.swift */; };
		A8D04679267A55AA0078CC04 /* FetchServiceTests.swift in Sources */ = {isa = PBXBuildFile; fileRef = A8D04678267A55AA0078CC04 /* FetchServiceTests.swift */; };
		A8D0467D267A566F0078CC04 /* ImageCacheMock.swift in Sources */ = {isa = PBXBuildFile; fileRef = A8D0467C267A566F0078CC04 /* ImageCacheMock.swift */; };
		A8D0467F267A66150078CC04 /* URLSessionAdapter.swift in Sources */ = {isa = PBXBuildFile; fileRef = A8D0467E267A66150078CC04 /* URLSessionAdapter.swift */; };
		A8D04681267A6B1F0078CC04 /* URLSessionAdapterMock.swift in Sources */ = {isa = PBXBuildFile; fileRef = A8D04680267A6B1F0078CC04 /* URLSessionAdapterMock.swift */; };
		A8D04683267A7ABA0078CC04 /* JSONObject.swift in Sources */ = {isa = PBXBuildFile; fileRef = A8D04682267A7ABA0078CC04 /* JSONObject.swift */; };
		A8D04686267A7B320078CC04 /* ImageCacheTests.swift in Sources */ = {isa = PBXBuildFile; fileRef = A8D04685267A7B320078CC04 /* ImageCacheTests.swift */; };
		A8D04689267A7D670078CC04 /* GalleryPresenterTests.swift in Sources */ = {isa = PBXBuildFile; fileRef = A8D04688267A7D670078CC04 /* GalleryPresenterTests.swift */; };
		A8D0468B267A7DB00078CC04 /* FetchServiceMock.swift in Sources */ = {isa = PBXBuildFile; fileRef = A8D0468A267A7DB00078CC04 /* FetchServiceMock.swift */; };
		A8D0468D267A7FEF0078CC04 /* GalleryPresentableMock.swift in Sources */ = {isa = PBXBuildFile; fileRef = A8D0468C267A7FEF0078CC04 /* GalleryPresentableMock.swift */; };
		A8D0468F267A86340078CC04 /* ImageGatewayTests.swift in Sources */ = {isa = PBXBuildFile; fileRef = A8D0468E267A86340078CC04 /* ImageGatewayTests.swift */; };
		A8D04691267A872A0078CC04 /* GalleryPresenterMock.swift in Sources */ = {isa = PBXBuildFile; fileRef = A8D04690267A872A0078CC04 /* GalleryPresenterMock.swift */; };
		A8D04693267A95D70078CC04 /* UIImage+Compression.swift in Sources */ = {isa = PBXBuildFile; fileRef = A8D04692267A95D70078CC04 /* UIImage+Compression.swift */; };
/* End PBXBuildFile section */

/* Begin PBXContainerItemProxy section */
		A8D04673267A55180078CC04 /* PBXContainerItemProxy */ = {
			isa = PBXContainerItemProxy;
			containerPortal = A81FA59026783C680025F8F6 /* Project object */;
			proxyType = 1;
			remoteGlobalIDString = A81FA59726783C680025F8F6;
			remoteInfo = "Stefanini-Challenge";
		};
/* End PBXContainerItemProxy section */

/* Begin PBXFileReference section */
		A81FA59826783C680025F8F6 /* Stefanini-Challenge.app */ = {isa = PBXFileReference; explicitFileType = wrapper.application; includeInIndex = 0; path = "Stefanini-Challenge.app"; sourceTree = BUILT_PRODUCTS_DIR; };
		A81FA59B26783C680025F8F6 /* AppDelegate.swift */ = {isa = PBXFileReference; lastKnownFileType = sourcecode.swift; path = AppDelegate.swift; sourceTree = "<group>"; };
		A81FA59D26783C680025F8F6 /* SceneDelegate.swift */ = {isa = PBXFileReference; lastKnownFileType = sourcecode.swift; path = SceneDelegate.swift; sourceTree = "<group>"; };
		A81FA59F26783C680025F8F6 /* GalleryViewController.swift */ = {isa = PBXFileReference; lastKnownFileType = sourcecode.swift; path = GalleryViewController.swift; sourceTree = "<group>"; };
		A81FA5A426783C6B0025F8F6 /* Assets.xcassets */ = {isa = PBXFileReference; lastKnownFileType = folder.assetcatalog; path = Assets.xcassets; sourceTree = "<group>"; };
		A81FA5A926783C6B0025F8F6 /* Info.plist */ = {isa = PBXFileReference; lastKnownFileType = text.plist.xml; path = Info.plist; sourceTree = "<group>"; };
		A87CF2A32678600F00CA51E9 /* GalleryView.swift */ = {isa = PBXFileReference; lastKnownFileType = sourcecode.swift; path = GalleryView.swift; sourceTree = "<group>"; };
		A87CF2A5267860C600CA51E9 /* Constants.swift */ = {isa = PBXFileReference; lastKnownFileType = sourcecode.swift; path = Constants.swift; sourceTree = "<group>"; };
		A87CF2A82678653800CA51E9 /* GalleryPresenter.swift */ = {isa = PBXFileReference; lastKnownFileType = sourcecode.swift; path = GalleryPresenter.swift; sourceTree = "<group>"; };
		A87CF2AB2678656700CA51E9 /* FetchService.swift */ = {isa = PBXFileReference; lastKnownFileType = sourcecode.swift; path = FetchService.swift; sourceTree = "<group>"; };
		A87CF2AD267865A100CA51E9 /* Gallery.swift */ = {isa = PBXFileReference; lastKnownFileType = sourcecode.swift; path = Gallery.swift; sourceTree = "<group>"; };
		A87CF2AF267869E900CA51E9 /* Endpoints.swift */ = {isa = PBXFileReference; lastKnownFileType = sourcecode.swift; path = Endpoints.swift; sourceTree = "<group>"; };
		A8887ADC2678F8A90008AA5A /* CollectionViewDataSource.swift */ = {isa = PBXFileReference; lastKnownFileType = sourcecode.swift; path = CollectionViewDataSource.swift; sourceTree = "<group>"; };
		A8887ADE2678F92C0008AA5A /* GalleryCell.swift */ = {isa = PBXFileReference; lastKnownFileType = sourcecode.swift; path = GalleryCell.swift; sourceTree = "<group>"; };
		A8887AE1267925240008AA5A /* FetchError.swift */ = {isa = PBXFileReference; lastKnownFileType = sourcecode.swift; path = FetchError.swift; sourceTree = "<group>"; };
		A8887AE326793E820008AA5A /* ImageCache.swift */ = {isa = PBXFileReference; lastKnownFileType = sourcecode.swift; path = ImageCache.swift; sourceTree = "<group>"; };
		A8887AE526793F4F0008AA5A /* ImageGateway.swift */ = {isa = PBXFileReference; lastKnownFileType = sourcecode.swift; path = ImageGateway.swift; sourceTree = "<group>"; };
		A8887AE9267972680008AA5A /* SuspendableTask.swift */ = {isa = PBXFileReference; lastKnownFileType = sourcecode.swift; path = SuspendableTask.swift; sourceTree = "<group>"; };
		A8887AEB267989C60008AA5A /* PageCounter.swift */ = {isa = PBXFileReference; lastKnownFileType = sourcecode.swift; path = PageCounter.swift; sourceTree = "<group>"; };
		A8D0466E267A55180078CC04 /* Stefanini-Challenge-Tests.xctest */ = {isa = PBXFileReference; explicitFileType = wrapper.cfbundle; includeInIndex = 0; path = "Stefanini-Challenge-Tests.xctest"; sourceTree = BUILT_PRODUCTS_DIR; };
		A8D04672267A55180078CC04 /* Info.plist */ = {isa = PBXFileReference; lastKnownFileType = text.plist.xml; path = Info.plist; sourceTree = "<group>"; };
		A8D04678267A55AA0078CC04 /* FetchServiceTests.swift */ = {isa = PBXFileReference; lastKnownFileType = sourcecode.swift; path = FetchServiceTests.swift; sourceTree = "<group>"; };
		A8D0467C267A566F0078CC04 /* ImageCacheMock.swift */ = {isa = PBXFileReference; lastKnownFileType = sourcecode.swift; path = ImageCacheMock.swift; sourceTree = "<group>"; };
		A8D0467E267A66150078CC04 /* URLSessionAdapter.swift */ = {isa = PBXFileReference; lastKnownFileType = sourcecode.swift; path = URLSessionAdapter.swift; sourceTree = "<group>"; };
		A8D04680267A6B1F0078CC04 /* URLSessionAdapterMock.swift */ = {isa = PBXFileReference; lastKnownFileType = sourcecode.swift; path = URLSessionAdapterMock.swift; sourceTree = "<group>"; };
		A8D04682267A7ABA0078CC04 /* JSONObject.swift */ = {isa = PBXFileReference; lastKnownFileType = sourcecode.swift; path = JSONObject.swift; sourceTree = "<group>"; };
		A8D04685267A7B320078CC04 /* ImageCacheTests.swift */ = {isa = PBXFileReference; lastKnownFileType = sourcecode.swift; path = ImageCacheTests.swift; sourceTree = "<group>"; };
		A8D04688267A7D670078CC04 /* GalleryPresenterTests.swift */ = {isa = PBXFileReference; lastKnownFileType = sourcecode.swift; path = GalleryPresenterTests.swift; sourceTree = "<group>"; };
		A8D0468A267A7DB00078CC04 /* FetchServiceMock.swift */ = {isa = PBXFileReference; lastKnownFileType = sourcecode.swift; path = FetchServiceMock.swift; sourceTree = "<group>"; };
		A8D0468C267A7FEF0078CC04 /* GalleryPresentableMock.swift */ = {isa = PBXFileReference; lastKnownFileType = sourcecode.swift; path = GalleryPresentableMock.swift; sourceTree = "<group>"; };
		A8D0468E267A86340078CC04 /* ImageGatewayTests.swift */ = {isa = PBXFileReference; lastKnownFileType = sourcecode.swift; path = ImageGatewayTests.swift; sourceTree = "<group>"; };
		A8D04690267A872A0078CC04 /* GalleryPresenterMock.swift */ = {isa = PBXFileReference; lastKnownFileType = sourcecode.swift; path = GalleryPresenterMock.swift; sourceTree = "<group>"; };
		A8D04692267A95D70078CC04 /* UIImage+Compression.swift */ = {isa = PBXFileReference; lastKnownFileType = sourcecode.swift; path = "UIImage+Compression.swift"; sourceTree = "<group>"; };
/* End PBXFileReference section */

/* Begin PBXFrameworksBuildPhase section */
		A81FA59526783C680025F8F6 /* Frameworks */ = {
			isa = PBXFrameworksBuildPhase;
			buildActionMask = 2147483647;
			files = (
			);
			runOnlyForDeploymentPostprocessing = 0;
		};
		A8D0466B267A55180078CC04 /* Frameworks */ = {
			isa = PBXFrameworksBuildPhase;
			buildActionMask = 2147483647;
			files = (
			);
			runOnlyForDeploymentPostprocessing = 0;
		};
/* End PBXFrameworksBuildPhase section */

/* Begin PBXGroup section */
		A81FA58F26783C680025F8F6 = {
			isa = PBXGroup;
			children = (
				A81FA59A26783C680025F8F6 /* Stefanini-Challenge */,
				A8D0466F267A55180078CC04 /* Stefanini-Challenge-Tests */,
				A81FA59926783C680025F8F6 /* Products */,
			);
			sourceTree = "<group>";
		};
		A81FA59926783C680025F8F6 /* Products */ = {
			isa = PBXGroup;
			children = (
				A81FA59826783C680025F8F6 /* Stefanini-Challenge.app */,
				A8D0466E267A55180078CC04 /* Stefanini-Challenge-Tests.xctest */,
			);
			name = Products;
			sourceTree = "<group>";
		};
		A81FA59A26783C680025F8F6 /* Stefanini-Challenge */ = {
			isa = PBXGroup;
			children = (
				A8887AE02679250E0008AA5A /* Common */,
				A87CF2AA2678655500CA51E9 /* Network */,
				A87CF2A7267864BC00CA51E9 /* Gallery */,
				A81FA59B26783C680025F8F6 /* AppDelegate.swift */,
				A81FA59D26783C680025F8F6 /* SceneDelegate.swift */,
				A81FA5A426783C6B0025F8F6 /* Assets.xcassets */,
				A81FA5A926783C6B0025F8F6 /* Info.plist */,
				A87CF2A5267860C600CA51E9 /* Constants.swift */,
			);
			path = "Stefanini-Challenge";
			sourceTree = "<group>";
		};
		A87CF2A7267864BC00CA51E9 /* Gallery */ = {
			isa = PBXGroup;
			children = (
				A87CF2A32678600F00CA51E9 /* GalleryView.swift */,
				A8887ADE2678F92C0008AA5A /* GalleryCell.swift */,
				A81FA59F26783C680025F8F6 /* GalleryViewController.swift */,
				A87CF2A82678653800CA51E9 /* GalleryPresenter.swift */,
				A87CF2AD267865A100CA51E9 /* Gallery.swift */,
				A8887AE526793F4F0008AA5A /* ImageGateway.swift */,
			);
			path = Gallery;
			sourceTree = "<group>";
		};
		A87CF2AA2678655500CA51E9 /* Network */ = {
			isa = PBXGroup;
			children = (
				A87CF2AB2678656700CA51E9 /* FetchService.swift */,
				A87CF2AF267869E900CA51E9 /* Endpoints.swift */,
				A8887ADC2678F8A90008AA5A /* CollectionViewDataSource.swift */,
				A8D0467E267A66150078CC04 /* URLSessionAdapter.swift */,
			);
			path = Network;
			sourceTree = "<group>";
		};
		A8887AE02679250E0008AA5A /* Common */ = {
			isa = PBXGroup;
			children = (
				A8887AE1267925240008AA5A /* FetchError.swift */,
				A8887AE326793E820008AA5A /* ImageCache.swift */,
				A8887AE9267972680008AA5A /* SuspendableTask.swift */,
				A8887AEB267989C60008AA5A /* PageCounter.swift */,
				A8D04692267A95D70078CC04 /* UIImage+Compression.swift */,
			);
			path = Common;
			sourceTree = "<group>";
		};
		A8D0466F267A55180078CC04 /* Stefanini-Challenge-Tests */ = {
			isa = PBXGroup;
			children = (
				A8D04687267A7D510078CC04 /* GalleryTests */,
				A8D0467A267A56540078CC04 /* Helpers */,
				A8D04678267A55AA0078CC04 /* FetchServiceTests.swift */,
				A8D04685267A7B320078CC04 /* ImageCacheTests.swift */,
				A8D04672267A55180078CC04 /* Info.plist */,
			);
			path = "Stefanini-Challenge-Tests";
			sourceTree = "<group>";
		};
		A8D0467A267A56540078CC04 /* Helpers */ = {
			isa = PBXGroup;
			children = (
				A8D04682267A7ABA0078CC04 /* JSONObject.swift */,
				A8D0467B267A565A0078CC04 /* Mocks */,
			);
			path = Helpers;
			sourceTree = "<group>";
		};
		A8D0467B267A565A0078CC04 /* Mocks */ = {
			isa = PBXGroup;
			children = (
				A8D0467C267A566F0078CC04 /* ImageCacheMock.swift */,
				A8D04680267A6B1F0078CC04 /* URLSessionAdapterMock.swift */,
				A8D0468A267A7DB00078CC04 /* FetchServiceMock.swift */,
				A8D0468C267A7FEF0078CC04 /* GalleryPresentableMock.swift */,
				A8D04690267A872A0078CC04 /* GalleryPresenterMock.swift */,
			);
			path = Mocks;
			sourceTree = "<group>";
		};
		A8D04687267A7D510078CC04 /* GalleryTests */ = {
			isa = PBXGroup;
			children = (
				A8D04688267A7D670078CC04 /* GalleryPresenterTests.swift */,
				A8D0468E267A86340078CC04 /* ImageGatewayTests.swift */,
			);
			path = GalleryTests;
			sourceTree = "<group>";
		};
/* End PBXGroup section */

/* Begin PBXNativeTarget section */
		A81FA59726783C680025F8F6 /* Stefanini-Challenge */ = {
			isa = PBXNativeTarget;
			buildConfigurationList = A81FA5AC26783C6B0025F8F6 /* Build configuration list for PBXNativeTarget "Stefanini-Challenge" */;
			buildPhases = (
				A81FA59426783C680025F8F6 /* Sources */,
				A81FA59526783C680025F8F6 /* Frameworks */,
				A81FA59626783C680025F8F6 /* Resources */,
			);
			buildRules = (
			);
			dependencies = (
			);
			name = "Stefanini-Challenge";
			productName = "Stefanini-Challenge";
			productReference = A81FA59826783C680025F8F6 /* Stefanini-Challenge.app */;
			productType = "com.apple.product-type.application";
		};
		A8D0466D267A55180078CC04 /* Stefanini-Challenge-Tests */ = {
			isa = PBXNativeTarget;
			buildConfigurationList = A8D04677267A55180078CC04 /* Build configuration list for PBXNativeTarget "Stefanini-Challenge-Tests" */;
			buildPhases = (
				A8D0466A267A55180078CC04 /* Sources */,
				A8D0466B267A55180078CC04 /* Frameworks */,
				A8D0466C267A55180078CC04 /* Resources */,
			);
			buildRules = (
			);
			dependencies = (
				A8D04674267A55180078CC04 /* PBXTargetDependency */,
			);
			name = "Stefanini-Challenge-Tests";
			productName = "Stefanini-Challenge-Tests";
			productReference = A8D0466E267A55180078CC04 /* Stefanini-Challenge-Tests.xctest */;
			productType = "com.apple.product-type.bundle.unit-test";
		};
/* End PBXNativeTarget section */

/* Begin PBXProject section */
		A81FA59026783C680025F8F6 /* Project object */ = {
			isa = PBXProject;
			attributes = {
				LastSwiftUpdateCheck = 1250;
				LastUpgradeCheck = 1250;
				TargetAttributes = {
					A81FA59726783C680025F8F6 = {
						CreatedOnToolsVersion = 12.5;
					};
					A8D0466D267A55180078CC04 = {
						CreatedOnToolsVersion = 12.5;
						TestTargetID = A81FA59726783C680025F8F6;
					};
				};
			};
			buildConfigurationList = A81FA59326783C680025F8F6 /* Build configuration list for PBXProject "Stefanini-Challenge" */;
			compatibilityVersion = "Xcode 9.3";
			developmentRegion = en;
			hasScannedForEncodings = 0;
			knownRegions = (
				en,
				Base,
			);
			mainGroup = A81FA58F26783C680025F8F6;
			productRefGroup = A81FA59926783C680025F8F6 /* Products */;
			projectDirPath = "";
			projectRoot = "";
			targets = (
				A81FA59726783C680025F8F6 /* Stefanini-Challenge */,
				A8D0466D267A55180078CC04 /* Stefanini-Challenge-Tests */,
			);
		};
/* End PBXProject section */

/* Begin PBXResourcesBuildPhase section */
		A81FA59626783C680025F8F6 /* Resources */ = {
			isa = PBXResourcesBuildPhase;
			buildActionMask = 2147483647;
			files = (
				A81FA5A526783C6B0025F8F6 /* Assets.xcassets in Resources */,
			);
			runOnlyForDeploymentPostprocessing = 0;
		};
		A8D0466C267A55180078CC04 /* Resources */ = {
			isa = PBXResourcesBuildPhase;
			buildActionMask = 2147483647;
			files = (
			);
			runOnlyForDeploymentPostprocessing = 0;
		};
/* End PBXResourcesBuildPhase section */

/* Begin PBXSourcesBuildPhase section */
		A81FA59426783C680025F8F6 /* Sources */ = {
			isa = PBXSourcesBuildPhase;
			buildActionMask = 2147483647;
			files = (
				A8D04693267A95D70078CC04 /* UIImage+Compression.swift in Sources */,
				A8887AE626793F4F0008AA5A /* ImageGateway.swift in Sources */,
				A87CF2AE267865A100CA51E9 /* Gallery.swift in Sources */,
				A8887AE426793E820008AA5A /* ImageCache.swift in Sources */,
				A87CF2A6267860C600CA51E9 /* Constants.swift in Sources */,
				A8887ADF2678F92C0008AA5A /* GalleryCell.swift in Sources */,
				A8887AE2267925240008AA5A /* FetchError.swift in Sources */,
				A8D0467F267A66150078CC04 /* URLSessionAdapter.swift in Sources */,
				A87CF2A92678653800CA51E9 /* GalleryPresenter.swift in Sources */,
				A81FA5A026783C680025F8F6 /* GalleryViewController.swift in Sources */,
				A81FA59C26783C680025F8F6 /* AppDelegate.swift in Sources */,
				A8887AEC267989C60008AA5A /* PageCounter.swift in Sources */,
				A8887AEA267972680008AA5A /* SuspendableTask.swift in Sources */,
				A8887ADD2678F8A90008AA5A /* CollectionViewDataSource.swift in Sources */,
				A81FA59E26783C680025F8F6 /* SceneDelegate.swift in Sources */,
				A87CF2AC2678656700CA51E9 /* FetchService.swift in Sources */,
				A87CF2A42678600F00CA51E9 /* GalleryView.swift in Sources */,
				A87CF2B0267869E900CA51E9 /* Endpoints.swift in Sources */,
			);
			runOnlyForDeploymentPostprocessing = 0;
		};
		A8D0466A267A55180078CC04 /* Sources */ = {
			isa = PBXSourcesBuildPhase;
			buildActionMask = 2147483647;
			files = (
				A8D0468F267A86340078CC04 /* ImageGatewayTests.swift in Sources */,
				A8D04683267A7ABA0078CC04 /* JSONObject.swift in Sources */,
				A8D04686267A7B320078CC04 /* ImageCacheTests.swift in Sources */,
				A8D04691267A872A0078CC04 /* GalleryPresenterMock.swift in Sources */,
				A8D0468B267A7DB00078CC04 /* FetchServiceMock.swift in Sources */,
				A8D0467D267A566F0078CC04 /* ImageCacheMock.swift in Sources */,
				A8D04689267A7D670078CC04 /* GalleryPresenterTests.swift in Sources */,
				A8D04681267A6B1F0078CC04 /* URLSessionAdapterMock.swift in Sources */,
				A8D0468D267A7FEF0078CC04 /* GalleryPresentableMock.swift in Sources */,
				A8D04679267A55AA0078CC04 /* FetchServiceTests.swift in Sources */,
			);
			runOnlyForDeploymentPostprocessing = 0;
		};
/* End PBXSourcesBuildPhase section */

/* Begin PBXTargetDependency section */
		A8D04674267A55180078CC04 /* PBXTargetDependency */ = {
			isa = PBXTargetDependency;
			target = A81FA59726783C680025F8F6 /* Stefanini-Challenge */;
			targetProxy = A8D04673267A55180078CC04 /* PBXContainerItemProxy */;
		};
/* End PBXTargetDependency section */

/* Begin XCBuildConfiguration section */
		A81FA5AA26783C6B0025F8F6 /* Debug */ = {
			isa = XCBuildConfiguration;
			buildSettings = {
				ALWAYS_SEARCH_USER_PATHS = NO;
				CLANG_ANALYZER_NONNULL = YES;
				CLANG_ANALYZER_NUMBER_OBJECT_CONVERSION = YES_AGGRESSIVE;
				CLANG_CXX_LANGUAGE_STANDARD = "gnu++14";
				CLANG_CXX_LIBRARY = "libc++";
				CLANG_ENABLE_MODULES = YES;
				CLANG_ENABLE_OBJC_ARC = YES;
				CLANG_ENABLE_OBJC_WEAK = YES;
				CLANG_WARN_BLOCK_CAPTURE_AUTORELEASING = YES;
				CLANG_WARN_BOOL_CONVERSION = YES;
				CLANG_WARN_COMMA = YES;
				CLANG_WARN_CONSTANT_CONVERSION = YES;
				CLANG_WARN_DEPRECATED_OBJC_IMPLEMENTATIONS = YES;
				CLANG_WARN_DIRECT_OBJC_ISA_USAGE = YES_ERROR;
				CLANG_WARN_DOCUMENTATION_COMMENTS = YES;
				CLANG_WARN_EMPTY_BODY = YES;
				CLANG_WARN_ENUM_CONVERSION = YES;
				CLANG_WARN_INFINITE_RECURSION = YES;
				CLANG_WARN_INT_CONVERSION = YES;
				CLANG_WARN_NON_LITERAL_NULL_CONVERSION = YES;
				CLANG_WARN_OBJC_IMPLICIT_RETAIN_SELF = YES;
				CLANG_WARN_OBJC_LITERAL_CONVERSION = YES;
				CLANG_WARN_OBJC_ROOT_CLASS = YES_ERROR;
				CLANG_WARN_QUOTED_INCLUDE_IN_FRAMEWORK_HEADER = YES;
				CLANG_WARN_RANGE_LOOP_ANALYSIS = YES;
				CLANG_WARN_STRICT_PROTOTYPES = YES;
				CLANG_WARN_SUSPICIOUS_MOVE = YES;
				CLANG_WARN_UNGUARDED_AVAILABILITY = YES_AGGRESSIVE;
				CLANG_WARN_UNREACHABLE_CODE = YES;
				CLANG_WARN__DUPLICATE_METHOD_MATCH = YES;
				COPY_PHASE_STRIP = NO;
				DEBUG_INFORMATION_FORMAT = dwarf;
				ENABLE_STRICT_OBJC_MSGSEND = YES;
				ENABLE_TESTABILITY = YES;
				GCC_C_LANGUAGE_STANDARD = gnu11;
				GCC_DYNAMIC_NO_PIC = NO;
				GCC_NO_COMMON_BLOCKS = YES;
				GCC_OPTIMIZATION_LEVEL = 0;
				GCC_PREPROCESSOR_DEFINITIONS = (
					"DEBUG=1",
					"$(inherited)",
				);
				GCC_WARN_64_TO_32_BIT_CONVERSION = YES;
				GCC_WARN_ABOUT_RETURN_TYPE = YES_ERROR;
				GCC_WARN_UNDECLARED_SELECTOR = YES;
				GCC_WARN_UNINITIALIZED_AUTOS = YES_AGGRESSIVE;
				GCC_WARN_UNUSED_FUNCTION = YES;
				GCC_WARN_UNUSED_VARIABLE = YES;
				IPHONEOS_DEPLOYMENT_TARGET = 14.5;
				MTL_ENABLE_DEBUG_INFO = INCLUDE_SOURCE;
				MTL_FAST_MATH = YES;
				ONLY_ACTIVE_ARCH = YES;
				SDKROOT = iphoneos;
				SWIFT_ACTIVE_COMPILATION_CONDITIONS = DEBUG;
				SWIFT_OPTIMIZATION_LEVEL = "-Onone";
			};
			name = Debug;
		};
		A81FA5AB26783C6B0025F8F6 /* Release */ = {
			isa = XCBuildConfiguration;
			buildSettings = {
				ALWAYS_SEARCH_USER_PATHS = NO;
				CLANG_ANALYZER_NONNULL = YES;
				CLANG_ANALYZER_NUMBER_OBJECT_CONVERSION = YES_AGGRESSIVE;
				CLANG_CXX_LANGUAGE_STANDARD = "gnu++14";
				CLANG_CXX_LIBRARY = "libc++";
				CLANG_ENABLE_MODULES = YES;
				CLANG_ENABLE_OBJC_ARC = YES;
				CLANG_ENABLE_OBJC_WEAK = YES;
				CLANG_WARN_BLOCK_CAPTURE_AUTORELEASING = YES;
				CLANG_WARN_BOOL_CONVERSION = YES;
				CLANG_WARN_COMMA = YES;
				CLANG_WARN_CONSTANT_CONVERSION = YES;
				CLANG_WARN_DEPRECATED_OBJC_IMPLEMENTATIONS = YES;
				CLANG_WARN_DIRECT_OBJC_ISA_USAGE = YES_ERROR;
				CLANG_WARN_DOCUMENTATION_COMMENTS = YES;
				CLANG_WARN_EMPTY_BODY = YES;
				CLANG_WARN_ENUM_CONVERSION = YES;
				CLANG_WARN_INFINITE_RECURSION = YES;
				CLANG_WARN_INT_CONVERSION = YES;
				CLANG_WARN_NON_LITERAL_NULL_CONVERSION = YES;
				CLANG_WARN_OBJC_IMPLICIT_RETAIN_SELF = YES;
				CLANG_WARN_OBJC_LITERAL_CONVERSION = YES;
				CLANG_WARN_OBJC_ROOT_CLASS = YES_ERROR;
				CLANG_WARN_QUOTED_INCLUDE_IN_FRAMEWORK_HEADER = YES;
				CLANG_WARN_RANGE_LOOP_ANALYSIS = YES;
				CLANG_WARN_STRICT_PROTOTYPES = YES;
				CLANG_WARN_SUSPICIOUS_MOVE = YES;
				CLANG_WARN_UNGUARDED_AVAILABILITY = YES_AGGRESSIVE;
				CLANG_WARN_UNREACHABLE_CODE = YES;
				CLANG_WARN__DUPLICATE_METHOD_MATCH = YES;
				COPY_PHASE_STRIP = NO;
				DEBUG_INFORMATION_FORMAT = "dwarf-with-dsym";
				ENABLE_NS_ASSERTIONS = NO;
				ENABLE_STRICT_OBJC_MSGSEND = YES;
				GCC_C_LANGUAGE_STANDARD = gnu11;
				GCC_NO_COMMON_BLOCKS = YES;
				GCC_WARN_64_TO_32_BIT_CONVERSION = YES;
				GCC_WARN_ABOUT_RETURN_TYPE = YES_ERROR;
				GCC_WARN_UNDECLARED_SELECTOR = YES;
				GCC_WARN_UNINITIALIZED_AUTOS = YES_AGGRESSIVE;
				GCC_WARN_UNUSED_FUNCTION = YES;
				GCC_WARN_UNUSED_VARIABLE = YES;
				IPHONEOS_DEPLOYMENT_TARGET = 14.5;
				MTL_ENABLE_DEBUG_INFO = NO;
				MTL_FAST_MATH = YES;
				SDKROOT = iphoneos;
				SWIFT_COMPILATION_MODE = wholemodule;
				SWIFT_OPTIMIZATION_LEVEL = "-O";
				VALIDATE_PRODUCT = YES;
			};
			name = Release;
		};
		A81FA5AD26783C6B0025F8F6 /* Debug */ = {
			isa = XCBuildConfiguration;
			buildSettings = {
				ASSETCATALOG_COMPILER_APPICON_NAME = AppIcon;
				ASSETCATALOG_COMPILER_GLOBAL_ACCENT_COLOR_NAME = AccentColor;
				CODE_SIGN_STYLE = Automatic;
				DEVELOPMENT_TEAM = CY35DG58QL;
				INFOPLIST_FILE = "Stefanini-Challenge/Info.plist";
				LD_RUNPATH_SEARCH_PATHS = (
					"$(inherited)",
					"@executable_path/Frameworks",
				);
				PRODUCT_BUNDLE_IDENTIFIER = "app-do-fael.Stefanini-Challenge";
				PRODUCT_NAME = "$(TARGET_NAME)";
				SWIFT_VERSION = 5.0;
				TARGETED_DEVICE_FAMILY = "1,2";
			};
			name = Debug;
		};
		A81FA5AE26783C6B0025F8F6 /* Release */ = {
			isa = XCBuildConfiguration;
			buildSettings = {
				ASSETCATALOG_COMPILER_APPICON_NAME = AppIcon;
				ASSETCATALOG_COMPILER_GLOBAL_ACCENT_COLOR_NAME = AccentColor;
				CODE_SIGN_STYLE = Automatic;
				DEVELOPMENT_TEAM = CY35DG58QL;
				INFOPLIST_FILE = "Stefanini-Challenge/Info.plist";
				LD_RUNPATH_SEARCH_PATHS = (
					"$(inherited)",
					"@executable_path/Frameworks",
				);
				PRODUCT_BUNDLE_IDENTIFIER = "app-do-fael.Stefanini-Challenge";
				PRODUCT_NAME = "$(TARGET_NAME)";
				SWIFT_VERSION = 5.0;
				TARGETED_DEVICE_FAMILY = "1,2";
			};
			name = Release;
		};
		A8D04675267A55180078CC04 /* Debug */ = {
			isa = XCBuildConfiguration;
			buildSettings = {
				BUNDLE_LOADER = "$(TEST_HOST)";
				CODE_SIGN_STYLE = Automatic;
				DEVELOPMENT_TEAM = CY35DG58QL;
				INFOPLIST_FILE = "Stefanini-Challenge-Tests/Info.plist";
				LD_RUNPATH_SEARCH_PATHS = (
					"$(inherited)",
					"@executable_path/Frameworks",
					"@loader_path/Frameworks",
				);
				PRODUCT_BUNDLE_IDENTIFIER = "app-do-fael.Stefanini-Challenge-Tests";
				PRODUCT_NAME = "$(TARGET_NAME)";
				SWIFT_VERSION = 5.0;
				TARGETED_DEVICE_FAMILY = "1,2";
				TEST_HOST = "$(BUILT_PRODUCTS_DIR)/Stefanini-Challenge.app/Stefanini-Challenge";
			};
			name = Debug;
		};
		A8D04676267A55180078CC04 /* Release */ = {
			isa = XCBuildConfiguration;
			buildSettings = {
				BUNDLE_LOADER = "$(TEST_HOST)";
				CODE_SIGN_STYLE = Automatic;
				DEVELOPMENT_TEAM = CY35DG58QL;
				INFOPLIST_FILE = "Stefanini-Challenge-Tests/Info.plist";
				LD_RUNPATH_SEARCH_PATHS = (
					"$(inherited)",
					"@executable_path/Frameworks",
					"@loader_path/Frameworks",
				);
				PRODUCT_BUNDLE_IDENTIFIER = "app-do-fael.Stefanini-Challenge-Tests";
				PRODUCT_NAME = "$(TARGET_NAME)";
				SWIFT_VERSION = 5.0;
				TARGETED_DEVICE_FAMILY = "1,2";
				TEST_HOST = "$(BUILT_PRODUCTS_DIR)/Stefanini-Challenge.app/Stefanini-Challenge";
			};
			name = Release;
		};
/* End XCBuildConfiguration section */

/* Begin XCConfigurationList section */
		A81FA59326783C680025F8F6 /* Build configuration list for PBXProject "Stefanini-Challenge" */ = {
			isa = XCConfigurationList;
			buildConfigurations = (
				A81FA5AA26783C6B0025F8F6 /* Debug */,
				A81FA5AB26783C6B0025F8F6 /* Release */,
			);
			defaultConfigurationIsVisible = 0;
			defaultConfigurationName = Release;
		};
		A81FA5AC26783C6B0025F8F6 /* Build configuration list for PBXNativeTarget "Stefanini-Challenge" */ = {
			isa = XCConfigurationList;
			buildConfigurations = (
				A81FA5AD26783C6B0025F8F6 /* Debug */,
				A81FA5AE26783C6B0025F8F6 /* Release */,
			);
			defaultConfigurationIsVisible = 0;
			defaultConfigurationName = Release;
		};
		A8D04677267A55180078CC04 /* Build configuration list for PBXNativeTarget "Stefanini-Challenge-Tests" */ = {
			isa = XCConfigurationList;
			buildConfigurations = (
				A8D04675267A55180078CC04 /* Debug */,
				A8D04676267A55180078CC04 /* Release */,
			);
			defaultConfigurationIsVisible = 0;
			defaultConfigurationName = Release;
		};
/* End XCConfigurationList section */
	};
	rootObject = A81FA59026783C680025F8F6 /* Project object */;
}
